
Microsoft Visual Studio Solution File, Format Version 12.00
# Visual Studio Version 16
VisualStudioVersion = 16.0.31019.35
MinimumVisualStudioVersion = 10.0.40219.1
Project("{FAE04EC0-301F-11D3-BF4B-00C04F79EFBC}") = "SmartPhoneStoreApplication", "SmartPhoneStoreApplication.csproj", "{BDC296D3-9754-488E-BF6F-DA143F7EFAAA}"
EndProject
Global
	GlobalSection(SolutionConfigurationPlatforms) = preSolution
		Debug|Any CPU = Debug|Any CPU
		Release|Any CPU = Release|Any CPU
	EndGlobalSection
	GlobalSection(ProjectConfigurationPlatforms) = postSolution
		{BDC296D3-9754-488E-BF6F-DA143F7EFAAA}.Debug|Any CPU.ActiveCfg = Debug|Any CPU
		{BDC296D3-9754-488E-BF6F-DA143F7EFAAA}.Debug|Any CPU.Build.0 = Debug|Any CPU
		{BDC296D3-9754-488E-BF6F-DA143F7EFAAA}.Release|Any CPU.ActiveCfg = Release|Any CPU
		{BDC296D3-9754-488E-BF6F-DA143F7EFAAA}.Release|Any CPU.Build.0 = Release|Any CPU
	EndGlobalSection
	GlobalSection(SolutionProperties) = preSolution
		HideSolutionNode = FALSE
	EndGlobalSection
	GlobalSection(ExtensibilityGlobals) = postSolution
		SolutionGuid = {3E442DAC-AD58-4F88-BBEA-842D6036A72C}
	EndGlobalSection
EndGlobal
